
Microsoft Visual Studio Solution File, Format Version 12.00
# Visual Studio Version 17
VisualStudioVersion = 17.5.33516.290
MinimumVisualStudioVersion = 10.0.40219.1
Project("{8BC9CEB8-8B4A-11D0-8D11-00A0C91BC942}") = "RussianStripCheckersExtractor", "RussianStripCheckersExtractor.vcxproj", "{AAF003D3-592B-4796-AA01-3BE7F32B5B16}"
EndProject
Global
	GlobalSection(SolutionConfigurationPlatforms) = preSolution
		Debug|x64 = Debug|x64
		Debug|x86 = Debug|x86
		Release|x64 = Release|x64
		Release|x86 = Release|x86
	EndGlobalSection
	GlobalSection(ProjectConfigurationPlatforms) = postSolution
		{AAF003D3-592B-4796-AA01-3BE7F32B5B16}.Debug|x64.ActiveCfg = Debug|x64
		{AAF003D3-592B-4796-AA01-3BE7F32B5B16}.Debug|x64.Build.0 = Debug|x64
		{AAF003D3-592B-4796-AA01-3BE7F32B5B16}.Debug|x86.ActiveCfg = Debug|Win32
		{AAF003D3-592B-4796-AA01-3BE7F32B5B16}.Debug|x86.Build.0 = Debug|Win32
		{AAF003D3-592B-4796-AA01-3BE7F32B5B16}.Release|x64.ActiveCfg = Release|x64
		{AAF003D3-592B-4796-AA01-3BE7F32B5B16}.Release|x64.Build.0 = Release|x64
		{AAF003D3-592B-4796-AA01-3BE7F32B5B16}.Release|x86.ActiveCfg = Release|Win32
		{AAF003D3-592B-4796-AA01-3BE7F32B5B16}.Release|x86.Build.0 = Release|Win32
	EndGlobalSection
	GlobalSection(SolutionProperties) = preSolution
		HideSolutionNode = FALSE
	EndGlobalSection
	GlobalSection(ExtensibilityGlobals) = postSolution
		SolutionGuid = {BA8B80AA-4A6C-4B43-B34B-60FDFFC07727}
	EndGlobalSection
EndGlobal
